
Microsoft Visual Studio Solution File, Format Version 12.00
# Visual Studio Version 17
VisualStudioVersion = 17.0.31903.59
MinimumVisualStudioVersion = 10.0.40219.1
Project("{FAE04EC0-301F-11D3-BF4B-00C04F79EFBC}") = "exercice-1", "exercice-1\exercice-1.csproj", "{C39E5B9E-3C30-4260-8DF2-2A594E3D585F}"
EndProject
Project("{FAE04EC0-301F-11D3-BF4B-00C04F79EFBC}") = "exercice-2", "exercice-2\exercice-2.csproj", "{A8A28909-F115-485B-AC69-C6A433051C02}"
EndProject
Project("{FAE04EC0-301F-11D3-BF4B-00C04F79EFBC}") = "exercice-3", "exercice-3\exercice-3.csproj", "{9E894483-285D-4DDD-9309-AEF58D967FFA}"
EndProject
Project("{FAE04EC0-301F-11D3-BF4B-00C04F79EFBC}") = "exercice-4", "exercice-4\exercice-4.csproj", "{0A6869C3-62E4-4BD7-9019-471BED9247B1}"
EndProject
Global
	GlobalSection(SolutionConfigurationPlatforms) = preSolution
		Debug|Any CPU = Debug|Any CPU
		Release|Any CPU = Release|Any CPU
	EndGlobalSection
	GlobalSection(SolutionProperties) = preSolution
		HideSolutionNode = FALSE
	EndGlobalSection
	GlobalSection(ProjectConfigurationPlatforms) = postSolution
		{C39E5B9E-3C30-4260-8DF2-2A594E3D585F}.Debug|Any CPU.ActiveCfg = Debug|Any CPU
		{C39E5B9E-3C30-4260-8DF2-2A594E3D585F}.Debug|Any CPU.Build.0 = Debug|Any CPU
		{C39E5B9E-3C30-4260-8DF2-2A594E3D585F}.Release|Any CPU.ActiveCfg = Release|Any CPU
		{C39E5B9E-3C30-4260-8DF2-2A594E3D585F}.Release|Any CPU.Build.0 = Release|Any CPU
		{A8A28909-F115-485B-AC69-C6A433051C02}.Debug|Any CPU.ActiveCfg = Debug|Any CPU
		{A8A28909-F115-485B-AC69-C6A433051C02}.Debug|Any CPU.Build.0 = Debug|Any CPU
		{A8A28909-F115-485B-AC69-C6A433051C02}.Release|Any CPU.ActiveCfg = Release|Any CPU
		{A8A28909-F115-485B-AC69-C6A433051C02}.Release|Any CPU.Build.0 = Release|Any CPU
		{9E894483-285D-4DDD-9309-AEF58D967FFA}.Debug|Any CPU.ActiveCfg = Debug|Any CPU
		{9E894483-285D-4DDD-9309-AEF58D967FFA}.Debug|Any CPU.Build.0 = Debug|Any CPU
		{9E894483-285D-4DDD-9309-AEF58D967FFA}.Release|Any CPU.ActiveCfg = Release|Any CPU
		{9E894483-285D-4DDD-9309-AEF58D967FFA}.Release|Any CPU.Build.0 = Release|Any CPU
		{0A6869C3-62E4-4BD7-9019-471BED9247B1}.Debug|Any CPU.ActiveCfg = Debug|Any CPU
		{0A6869C3-62E4-4BD7-9019-471BED9247B1}.Debug|Any CPU.Build.0 = Debug|Any CPU
		{0A6869C3-62E4-4BD7-9019-471BED9247B1}.Release|Any CPU.ActiveCfg = Release|Any CPU
		{0A6869C3-62E4-4BD7-9019-471BED9247B1}.Release|Any CPU.Build.0 = Release|Any CPU
	EndGlobalSection
EndGlobal
